
Microsoft Visual Studio Solution File, Format Version 12.00
# Visual Studio Version 17
VisualStudioVersion = 17.5.33516.290
MinimumVisualStudioVersion = 10.0.40219.1
Project("{9A19103F-16F7-4668-BE54-9A1E7A4F7556}") = "Fabric.BackendAPI", "Fabric.BackendAPI\Fabric.BackendAPI.csproj", "{25D0CEF0-3337-448C-9F50-A34AB087F148}"
EndProject
Project("{9A19103F-16F7-4668-BE54-9A1E7A4F7556}") = "Fabric.Data", "Fabric.Data\Fabric.Data.csproj", "{3F46E8DE-4466-4800-ADD2-F3723BEABC69}"
EndProject
Project("{FAE04EC0-301F-11D3-BF4B-00C04F79EFBC}") = "Fabric.BAL", "Fabric.BAL\Fabric.BAL.csproj", "{6E6592CE-5A95-4626-9E31-F6B9BF3D530F}"
EndProject
Global
	GlobalSection(SolutionConfigurationPlatforms) = preSolution
		Debug|Any CPU = Debug|Any CPU
		Release|Any CPU = Release|Any CPU
	EndGlobalSection
	GlobalSection(ProjectConfigurationPlatforms) = postSolution
		{25D0CEF0-3337-448C-9F50-A34AB087F148}.Debug|Any CPU.ActiveCfg = Debug|Any CPU
		{25D0CEF0-3337-448C-9F50-A34AB087F148}.Debug|Any CPU.Build.0 = Debug|Any CPU
		{25D0CEF0-3337-448C-9F50-A34AB087F148}.Release|Any CPU.ActiveCfg = Release|Any CPU
		{25D0CEF0-3337-448C-9F50-A34AB087F148}.Release|Any CPU.Build.0 = Release|Any CPU
		{3F46E8DE-4466-4800-ADD2-F3723BEABC69}.Debug|Any CPU.ActiveCfg = Debug|Any CPU
		{3F46E8DE-4466-4800-ADD2-F3723BEABC69}.Debug|Any CPU.Build.0 = Debug|Any CPU
		{3F46E8DE-4466-4800-ADD2-F3723BEABC69}.Release|Any CPU.ActiveCfg = Release|Any CPU
		{3F46E8DE-4466-4800-ADD2-F3723BEABC69}.Release|Any CPU.Build.0 = Release|Any CPU
		{6E6592CE-5A95-4626-9E31-F6B9BF3D530F}.Debug|Any CPU.ActiveCfg = Debug|Any CPU
		{6E6592CE-5A95-4626-9E31-F6B9BF3D530F}.Debug|Any CPU.Build.0 = Debug|Any CPU
		{6E6592CE-5A95-4626-9E31-F6B9BF3D530F}.Release|Any CPU.ActiveCfg = Release|Any CPU
		{6E6592CE-5A95-4626-9E31-F6B9BF3D530F}.Release|Any CPU.Build.0 = Release|Any CPU
	EndGlobalSection
	GlobalSection(SolutionProperties) = preSolution
		HideSolutionNode = FALSE
	EndGlobalSection
	GlobalSection(ExtensibilityGlobals) = postSolution
		SolutionGuid = {1F9C7D69-A40F-47E5-87A3-D46E32BBD755}
	EndGlobalSection
EndGlobal
